# THIS IS AN AUTOGENERATED FILE. DO NOT EDIT THIS FILE DIRECTLY.
# yarn lockfile v1


"@babel/runtime@^7.21.0":
  version "7.22.6"
  resolved "https://registry.yarnpkg.com/@babel/runtime/-/runtime-7.22.6.tgz#57d64b9ae3cff1d67eb067ae117dac087f5bd438"
  integrity sha512-wDb5pWm4WDdF6LFUde3Jl8WzPA+3ZbxYqkC6xAXuD3irdEHN1k0NfTRrJD8ZD378SJ61miMLCqIOXYhd8x+AJQ==
  dependencies:
    regenerator-runtime "^0.13.11"

"@json2csv/formatters@^7.0.1":
  version "7.0.1"
  resolved "https://registry.yarnpkg.com/@json2csv/formatters/-/formatters-7.0.1.tgz#c025f0795f9bbab480de77e2248ab593987296b9"
  integrity sha512-eCmYKIIoFDXUB0Fotet2RmcoFTtNLXLmSV7j6aEQH/D2GiO749Uan3ts03PtAhXpE11QghxBjS0toXom8VQNBw==

"@json2csv/plainjs@^7.0.1":
  version "7.0.1"
  resolved "https://registry.yarnpkg.com/@json2csv/plainjs/-/plainjs-7.0.1.tgz#361d849f04a2a5013c7880738f08b6bc193c24eb"
  integrity sha512-UAdaZwahrUeYhMYYilJwDsRfE7wDRsmGMsszYH67j8FLD5gZitqG38RXpUgHEH0s6YjsY8iKYWeEQ19WILncFA==
  dependencies:
    "@json2csv/formatters" "^7.0.1"
    "@streamparser/json" "^0.0.15"
    lodash.get "^4.4.2"

"@playwright/test@^1.35.1":
  version "1.35.1"
  resolved "https://registry.yarnpkg.com/@playwright/test/-/test-1.35.1.tgz#a596b61e15b980716696f149cc7a2002f003580c"
  integrity sha512-b5YoFe6J9exsMYg0pQAobNDR85T1nLumUYgUTtKm4d21iX2L7WqKq9dW8NGJ+2vX0etZd+Y7UeuqsxDXm9+5ZA==
  dependencies:
    "@types/node" "*"
    playwright-core "1.35.1"
  optionalDependencies:
    fsevents "2.3.2"

"@streamparser/json@^0.0.15":
  version "0.0.15"
  resolved "https://registry.yarnpkg.com/@streamparser/json/-/json-0.0.15.tgz#405fbe94877ce0cbd3cf650b4d9186a0ec6acd0a"
  integrity sha512-6oikjkMTYAHGqKmcC9leE4+kY4Ch4eiTImXUN/N4d2bNGBYs0LJ/tfxmpvF5eExSU7iiPlV9jYlADqvj3NWA3Q==

"@types/node@*":
  version "20.3.3"
  resolved "https://registry.yarnpkg.com/@types/node/-/node-20.3.3.tgz#329842940042d2b280897150e023e604d11657d6"
  integrity sha512-wheIYdr4NYML61AjC8MKj/2jrR/kDQri/CIpVoZwldwhnIrD/j9jIU5bJ8yBKuB2VhpFV7Ab6G2XkBjv9r9Zzw==

date-fns@^2.30.0:
  version "2.30.0"
  resolved "https://registry.yarnpkg.com/date-fns/-/date-fns-2.30.0.tgz#f367e644839ff57894ec6ac480de40cae4b0f4d0"
  integrity sha512-fnULvOpxnC5/Vg3NCiWelDsLiUc9bRwAPs/+LfTLNvetFCtCTN+yQz15C/fs4AwX1R9K5GLtLfn8QW+dWisaAw==
  dependencies:
    "@babel/runtime" "^7.21.0"

fsevents@2.3.2:
  version "2.3.2"
  resolved "https://registry.yarnpkg.com/fsevents/-/fsevents-2.3.2.tgz#8a526f78b8fdf4623b709e0b975c52c24c02fd1a"
  integrity sha512-xiqMQR4xAeHTuB9uWm+fFRcIOgKBMiOBP+eXiyT7jsgVCq1bkVygt00oASowB7EdtpOHaaPgKt812P9ab+DDKA==

lodash.get@^4.4.2:
  version "4.4.2"
  resolved "https://registry.yarnpkg.com/lodash.get/-/lodash.get-4.4.2.tgz#2d177f652fa31e939b4438d5341499dfa3825e99"
  integrity sha512-z+Uw/vLuy6gQe8cfaFWD7p0wVv8fJl3mbzXh33RS+0oW2wvUqiRXiQ69gLWSLpgB5/6sU+r6BlQR0MBILadqTQ==

playwright-core@1.35.1:
  version "1.35.1"
  resolved "https://registry.yarnpkg.com/playwright-core/-/playwright-core-1.35.1.tgz#52c1e6ffaa6a8c29de1a5bdf8cce0ce290ffb81d"
  integrity sha512-pNXb6CQ7OqmGDRspEjlxE49w+4YtR6a3X6mT1hZXeJHWmsEz7SunmvZeiG/+y1yyMZdHnnn73WKYdtV1er0Xyg==

regenerator-runtime@^0.13.11:
  version "0.13.11"
  resolved "https://registry.yarnpkg.com/regenerator-runtime/-/regenerator-runtime-0.13.11.tgz#f6dca3e7ceec20590d07ada785636a90cdca17f9"
  integrity sha512-kY1AZVr2Ra+t+piVaJ4gxaFaReZVH40AKNo7UCX6W+dEwBo/2oZJzqfuN1qLq1oL45o56cPaTXELwrTh8Fpggg==
